
Microsoft Visual Studio Solution File, Format Version 12.00
# Visual Studio Version 17
VisualStudioVersion = 17.11.35208.52
MinimumVisualStudioVersion = 10.0.40219.1
Project("{FAE04EC0-301F-11D3-BF4B-00C04F79EFBC}") = "SSU", "SSU\SSU.csproj", "{90516A6B-45AF-4F8C-9F77-0D58077FE8E7}"
	ProjectSection(ProjectDependencies) = postProject
		{64509838-E315-4A98-A5F4-9F4886F737CB} = {64509838-E315-4A98-A5F4-9F4886F737CB}
	EndProjectSection
EndProject
Project("{FAE04EC0-301F-11D3-BF4B-00C04F79EFBC}") = "ScreenShotLib", "ScreenShotLib\ScreenShotLib.csproj", "{64509838-E315-4A98-A5F4-9F4886F737CB}"
EndProject
Global
	GlobalSection(SolutionConfigurationPlatforms) = preSolution
		Debug|Any CPU = Debug|Any CPU
		Release|Any CPU = Release|Any CPU
	EndGlobalSection
	GlobalSection(ProjectConfigurationPlatforms) = postSolution
		{90516A6B-45AF-4F8C-9F77-0D58077FE8E7}.Debug|Any CPU.ActiveCfg = Debug|Any CPU
		{90516A6B-45AF-4F8C-9F77-0D58077FE8E7}.Debug|Any CPU.Build.0 = Debug|Any CPU
		{90516A6B-45AF-4F8C-9F77-0D58077FE8E7}.Release|Any CPU.ActiveCfg = Release|Any CPU
		{90516A6B-45AF-4F8C-9F77-0D58077FE8E7}.Release|Any CPU.Build.0 = Release|Any CPU
		{64509838-E315-4A98-A5F4-9F4886F737CB}.Debug|Any CPU.ActiveCfg = Debug|Any CPU
		{64509838-E315-4A98-A5F4-9F4886F737CB}.Debug|Any CPU.Build.0 = Debug|Any CPU
		{64509838-E315-4A98-A5F4-9F4886F737CB}.Release|Any CPU.ActiveCfg = Release|Any CPU
		{64509838-E315-4A98-A5F4-9F4886F737CB}.Release|Any CPU.Build.0 = Release|Any CPU
	EndGlobalSection
	GlobalSection(SolutionProperties) = preSolution
		HideSolutionNode = FALSE
	EndGlobalSection
	GlobalSection(ExtensibilityGlobals) = postSolution
		SolutionGuid = {FC5B57C0-9D9B-4A08-B999-E924398D0ED0}
	EndGlobalSection
EndGlobal
